<?xml version="1.0" encoding="utf-8"?>
<Project ToolsVersion="4.0" xmlns="http://schemas.microsoft.com/developer/msbuild/2003">
  <ItemGroup>
    <Filter Include="Source Files">
      <UniqueIdentifier>{4FC737F1-C7A5-4376-A066-2A32D752A2FF}</UniqueIdentifier>
      <Extensions>cpp;c;cc;cxx;def;odl;idl;hpj;bat;asm;asmx</Extensions>
    </Filter>
    <Filter Include="Header Files">
      <UniqueIdentifier>{93995380-89BD-4b04-88EB-625FBE52EBFB}</UniqueIdentifier>
      <Extensions>h;hh;hpp;hxx;hm;inl;inc;xsd</Extensions>
    </Filter>
    <Filter Include="Resource Files">
      <UniqueIdentifier>{67DA6AB6-F800-4c08-8B7A-83BB121AAD01}</UniqueIdentifier>
      <Extensions>rc;ico;cur;bmp;dlg;rc2;rct;bin;rgs;gif;jpg;jpeg;jpe;resx;tiff;tif;png;wav;mfcribbon-ms</Extensions>
    </Filter>
    <Filter Include="Header Files\Mappers">
      <UniqueIdentifier>{69aa2b97-c5a0-447a-bf06-c2276d7e6495}</UniqueIdentifier>
    </Filter>
    <Filter Include="Source Files\Mappers">
      <UniqueIdentifier>{5f44222b-4992-43d8-b028-cd22ac026d36}</UniqueIdentifier>
    </Filter>
    <Filter Include="Header Files\Audio">
      <UniqueIdentifier>{767bdb0c-824a-4b65-a8bc-38b4737f79c1}</UniqueIdentifier>
    </Filter>
    <Filter Include="Source Files\Audio">
      <UniqueIdentifier>{7121b7e0-5567-47dc-84aa-ae78a8caffb0}</UniqueIdentifier>
    </Filter>
    <Filter Include="Header Files\Video">
      <UniqueIdentifier>{c0f70c55-dc8a-4e50-ae02-0764cb0c8184}</UniqueIdentifier>
    </Filter>
    <Filter Include="Source Files\Video">
      <UniqueIdentifier>{cacbe0b7-1d27-4c08-9100-7501d180c912}</UniqueIdentifier>
    </Filter>
    <Filter Include="Source Files\Common">
      <UniqueIdentifier>{dce5beee-97b0-44d6-9701-9393b1fe7a10}</UniqueIdentifier>
    </Filter>
    <Filter Include="Header Files\Common">
      <UniqueIdentifier>{142b2b12-42ab-4195-b3a7-a23d77cc20af}</UniqueIdentifier>
    </Filter>
  </ItemGroup>
  <ItemGroup>
    <ClInclude Include="cpu.h">
      <Filter>Header Files</Filter>
    </ClInclude>
    <ClInclude Include="nes.h">
      <Filter>Header Files</Filter>
    </ClInclude>
    <ClInclude Include="ppu.h">
      <Filter>Header Files</Filter>
    </ClInclude>
    <ClInclude Include="mappers\nrom.h">
      <Filter>Header Files\Mappers</Filter>
    </ClInclude>
    <ClInclude Include="apu.h">
      <Filter>Header Files</Filter>
    </ClInclude>
    <ClInclude Include="mappers\mapper_base.h">
      <Filter>Header Files\Mappers</Filter>
    </ClInclude>
    <ClInclude Include="cart.h">
      <Filter>Header Files</Filter>
    </ClInclude>
    <ClInclude Include="video\gl_util.h">
      <Filter>Header Files\Video</Filter>
    </ClInclude>
    <ClInclude Include="video\video_backend.h">
      <Filter>Header Files\Video</Filter>
    </ClInclude>
    <ClInclude Include="video\wgl_platform.h">
      <Filter>Header Files\Video</Filter>
    </ClInclude>
    <ClInclude Include="video\igl_platform.h">
      <Filter>Header Files\Video</Filter>
    </ClInclude>
    <ClInclude Include="video\osd_font.h">
      <Filter>Header Files\Video</Filter>
    </ClInclude>
    <ClInclude Include="audio\iaudio_platform.h">
      <Filter>Header Files\Audio</Filter>
    </ClInclude>
    <ClInclude Include="audio\xaudio2_platform.h">
      <Filter>Header Files\Audio</Filter>
    </ClInclude>
    <ClInclude Include="audio\audio_backend.h">
      <Filter>Header Files\Audio</Filter>
    </ClInclude>
    <ClInclude Include="common\file.h">
      <Filter>Header Files\Common</Filter>
    </ClInclude>
    <ClInclude Include="common\nes_callback.h">
      <Filter>Header Files\Common</Filter>
    </ClInclude>
    <ClInclude Include="common\nes_exception.h">
      <Filter>Header Files\Common</Filter>
    </ClInclude>
    <ClInclude Include="mappers\cnrom.h">
      <Filter>Header Files\Mappers</Filter>
    </ClInclude>
    <ClInclude Include="mappers\mmc1.h">
      <Filter>Header Files\Mappers</Filter>
    </ClInclude>
    <ClInclude Include="mappers\mmc3.h">
      <Filter>Header Files\Mappers</Filter>
    </ClInclude>
    <ClInclude Include="mappers\uxrom.h">
      <Filter>Header Files\Mappers</Filter>
    </ClInclude>
    <ClInclude Include="common\ines.h">
      <Filter>Header Files\Common</Filter>
    </ClInclude>
    <ClInclude Include="common\state_save.h">
      <Filter>Header Files\Common</Filter>
    </ClInclude>
  </ItemGroup>
  <ItemGroup>
    <ClCompile Include="cpu.cc">
      <Filter>Source Files</Filter>
    </ClCompile>
    <ClCompile Include="nes.cc">
      <Filter>Source Files</Filter>
    </ClCompile>
    <ClCompile Include="ppu.cc">
      <Filter>Source Files</Filter>
    </ClCompile>
    <ClCompile Include="mappers\nrom.cc">
      <Filter>Source Files\Mappers</Filter>
    </ClCompile>
    <ClCompile Include="apu.cc">
      <Filter>Source Files</Filter>
    </ClCompile>
    <ClCompile Include="mappers\mapper_base.cc">
      <Filter>Source Files\Mappers</Filter>
    </ClCompile>
    <ClCompile Include="cart.cc">
      <Filter>Source Files</Filter>
    </ClCompile>
    <ClCompile Include="video\gl_util.cc">
      <Filter>Source Files\Video</Filter>
    </ClCompile>
    <ClCompile Include="video\video_backend.cc">
      <Filter>Source Files\Video</Filter>
    </ClCompile>
    <ClCompile Include="video\wgl_platform.cc">
      <Filter>Source Files\Video</Filter>
    </ClCompile>
    <ClCompile Include="video\igl_platform.cc">
      <Filter>Source Files\Video</Filter>
    </ClCompile>
    <ClCompile Include="audio\audio_backend.cc">
      <Filter>Source Files\Audio</Filter>
    </ClCompile>
    <ClCompile Include="audio\xaudio2_platform.cc">
      <Filter>Source Files\Audio</Filter>
    </ClCompile>
    <ClCompile Include="audio\iaudio_platform.cc">
      <Filter>Source Files\Audio</Filter>
    </ClCompile>
    <ClCompile Include="common\file.cc">
      <Filter>Source Files\Common</Filter>
    </ClCompile>
    <ClCompile Include="common\nes_exception.cc">
      <Filter>Source Files\Common</Filter>
    </ClCompile>
    <ClCompile Include="mappers\uxrom.cc">
      <Filter>Source Files\Mappers</Filter>
    </ClCompile>
    <ClCompile Include="mappers\cnrom.cc">
      <Filter>Source Files\Mappers</Filter>
    </ClCompile>
    <ClCompile Include="mappers\mmc1.cc">
      <Filter>Source Files\Mappers</Filter>
    </ClCompile>
    <ClCompile Include="mappers\mmc3.cc">
      <Filter>Source Files\Mappers</Filter>
    </ClCompile>
    <ClCompile Include="common\ines.cc">
      <Filter>Source Files\Common</Filter>
    </ClCompile>
  </ItemGroup>
</Project>