<?xml version="1.0" encoding="utf-8"?>
<Project ToolsVersion="4.0" xmlns="http://schemas.microsoft.com/developer/msbuild/2003">
  <ItemGroup>
    <Filter Include="Source Files">
      <UniqueIdentifier>{4FC737F1-C7A5-4376-A066-2A32D752A2FF}</UniqueIdentifier>
      <Extensions>cpp;c;cc;cxx;def;odl;idl;hpj;bat;asm;asmx</Extensions>
    </Filter>
    <Filter Include="Header Files">
      <UniqueIdentifier>{93995380-89BD-4b04-88EB-625FBE52EBFB}</UniqueIdentifier>
      <Extensions>h;hh;hpp;hxx;hm;inl;inc;xsd</Extensions>
    </Filter>
    <Filter Include="Resource Files">
      <UniqueIdentifier>{67DA6AB6-F800-4c08-8B7A-83BB121AAD01}</UniqueIdentifier>
      <Extensions>rc;ico;cur;bmp;dlg;rc2;rct;bin;rgs;gif;jpg;jpeg;jpe;resx;tiff;tif;png;wav;mfcribbon-ms</Extensions>
    </Filter>
    <Filter Include="Header Files\Mappers">
      <UniqueIdentifier>{69aa2b97-c5a0-447a-bf06-c2276d7e6495}</UniqueIdentifier>
    </Filter>
    <Filter Include="Source Files\Mappers">
      <UniqueIdentifier>{5f44222b-4992-43d8-b028-cd22ac026d36}</UniqueIdentifier>
    </Filter>
    <Filter Include="Header Files\Backends">
      <UniqueIdentifier>{9a385fc7-3c07-46f3-a3a2-db1867257c34}</UniqueIdentifier>
    </Filter>
    <Filter Include="Source Files\Backends">
      <UniqueIdentifier>{8f432b86-8435-413e-bdaa-16dac11e8b9d}</UniqueIdentifier>
    </Filter>
  </ItemGroup>
  <ItemGroup>
    <ClInclude Include="cpu.h">
      <Filter>Header Files</Filter>
    </ClInclude>
    <ClInclude Include="nes.h">
      <Filter>Header Files</Filter>
    </ClInclude>
    <ClInclude Include="ppu.h">
      <Filter>Header Files</Filter>
    </ClInclude>
    <ClInclude Include="mappers\nrom.h">
      <Filter>Header Files\Mappers</Filter>
    </ClInclude>
    <ClInclude Include="mappers\sxrom.h">
      <Filter>Header Files\Mappers</Filter>
    </ClInclude>
    <ClInclude Include="apu.h">
      <Filter>Header Files</Filter>
    </ClInclude>
    <ClInclude Include="mappers\mapper_base.h">
      <Filter>Header Files\Mappers</Filter>
    </ClInclude>
    <ClInclude Include="cart.h">
      <Filter>Header Files</Filter>
    </ClInclude>
    <ClInclude Include="backends\audio_backend.h">
      <Filter>Header Files\Backends</Filter>
    </ClInclude>
    <ClInclude Include="backends\video_backend.h">
      <Filter>Header Files\Backends</Filter>
    </ClInclude>
  </ItemGroup>
  <ItemGroup>
    <ClCompile Include="cpu.cc">
      <Filter>Source Files</Filter>
    </ClCompile>
    <ClCompile Include="nes.cc">
      <Filter>Source Files</Filter>
    </ClCompile>
    <ClCompile Include="ppu.cc">
      <Filter>Source Files</Filter>
    </ClCompile>
    <ClCompile Include="mappers\nrom.cc">
      <Filter>Source Files\Mappers</Filter>
    </ClCompile>
    <ClCompile Include="mappers\sxrom.cc">
      <Filter>Source Files\Mappers</Filter>
    </ClCompile>
    <ClCompile Include="apu.cc">
      <Filter>Source Files</Filter>
    </ClCompile>
    <ClCompile Include="mappers\mapper_base.cc">
      <Filter>Source Files\Mappers</Filter>
    </ClCompile>
    <ClCompile Include="cart.cc">
      <Filter>Source Files</Filter>
    </ClCompile>
    <ClCompile Include="backends\audio_backend.cc">
      <Filter>Source Files\Backends</Filter>
    </ClCompile>
    <ClCompile Include="backends\video_backend.cc">
      <Filter>Source Files\Backends</Filter>
    </ClCompile>
  </ItemGroup>
</Project>