<?xml version="1.0" encoding="utf-8"?>
<Project ToolsVersion="4.0" xmlns="http://schemas.microsoft.com/developer/msbuild/2003">
  <ItemGroup>
    <Filter Include="Source Files">
      <UniqueIdentifier>{4FC737F1-C7A5-4376-A066-2A32D752A2FF}</UniqueIdentifier>
      <Extensions>cpp;c;cc;cxx;def;odl;idl;hpj;bat;asm;asmx</Extensions>
    </Filter>
    <Filter Include="Header Files">
      <UniqueIdentifier>{93995380-89BD-4b04-88EB-625FBE52EBFB}</UniqueIdentifier>
      <Extensions>h;hh;hpp;hxx;hm;inl;inc;xsd</Extensions>
    </Filter>
    <Filter Include="Resource Files">
      <UniqueIdentifier>{67DA6AB6-F800-4c08-8B7A-83BB121AAD01}</UniqueIdentifier>
      <Extensions>rc;ico;cur;bmp;dlg;rc2;rct;bin;rgs;gif;jpg;jpeg;jpe;resx;tiff;tif;png;wav;mfcribbon-ms</Extensions>
    </Filter>
    <Filter Include="Header Files\Utilities">
      <UniqueIdentifier>{88fca5a5-6eb1-4af6-bcad-3509ce597383}</UniqueIdentifier>
    </Filter>
    <Filter Include="Source Files\Utilities">
      <UniqueIdentifier>{34e39ea7-db38-429b-86a7-062db6762c52}</UniqueIdentifier>
    </Filter>
  </ItemGroup>
  <ItemGroup>
    <ClInclude Include="utilities\app_settings.h">
      <Filter>Header Files\Utilities</Filter>
    </ClInclude>
    <ClInclude Include="app.h">
      <Filter>Header Files</Filter>
    </ClInclude>
    <ClInclude Include="main_window.h">
      <Filter>Header Files</Filter>
    </ClInclude>
    <ClInclude Include="settings_window.h">
      <Filter>Header Files</Filter>
    </ClInclude>
    <ClInclude Include="game_window.h">
      <Filter>Header Files</Filter>
    </ClInclude>
    <ClInclude Include="nes_thread.h">
      <Filter>Header Files\Utilities</Filter>
    </ClInclude>
    <ClInclude Include="ppu_debug_window.h">
      <Filter>Header Files</Filter>
    </ClInclude>
    <ClInclude Include="game_list.h">
      <Filter>Header Files\Utilities</Filter>
    </ClInclude>
    <ClInclude Include="pattern_table_display.h">
      <Filter>Header Files\Utilities</Filter>
    </ClInclude>
  </ItemGroup>
  <ItemGroup>
    <ClCompile Include="utilities\app_settings.cc">
      <Filter>Source Files\Utilities</Filter>
    </ClCompile>
    <ClCompile Include="app.cc">
      <Filter>Source Files</Filter>
    </ClCompile>
    <ClCompile Include="main_window.cc">
      <Filter>Source Files</Filter>
    </ClCompile>
    <ClCompile Include="settings_window.cc">
      <Filter>Source Files</Filter>
    </ClCompile>
    <ClCompile Include="game_window.cc">
      <Filter>Source Files</Filter>
    </ClCompile>
    <ClCompile Include="nes_thread.cc">
      <Filter>Source Files\Utilities</Filter>
    </ClCompile>
    <ClCompile Include="ppu_debug_window.cc">
      <Filter>Source Files</Filter>
    </ClCompile>
    <ClCompile Include="game_list.cc">
      <Filter>Source Files\Utilities</Filter>
    </ClCompile>
    <ClCompile Include="pattern_table_display.cc">
      <Filter>Source Files\Utilities</Filter>
    </ClCompile>
  </ItemGroup>
  <ItemGroup>
    <Xml Include="config.xml">
      <Filter>Resource Files</Filter>
    </Xml>
  </ItemGroup>
</Project>